// !$*UTF8*$!
{
	archiveVersion = 1;
	classes = {
	};
	objectVersion = 46;
	objects = {

/* Begin PBXBuildFile section */
		964867EA1DA4AE5A00674026 /* AppDelegate.swift in Sources */ = {isa = PBXBuildFile; fileRef = 964867E91DA4AE5A00674026 /* AppDelegate.swift */; };
		964867EF1DA4AE5A00674026 /* Main.storyboard in Resources */ = {isa = PBXBuildFile; fileRef = 964867ED1DA4AE5A00674026 /* Main.storyboard */; };
		964867F11DA4AE5A00674026 /* Assets.xcassets in Resources */ = {isa = PBXBuildFile; fileRef = 964867F01DA4AE5A00674026 /* Assets.xcassets */; };
		964867F41DA4AE5A00674026 /* LaunchScreen.storyboard in Resources */ = {isa = PBXBuildFile; fileRef = 964867F21DA4AE5A00674026 /* LaunchScreen.storyboard */; };
		964867FC1DA4BD4300674026 /* ProductViewController.swift in Sources */ = {isa = PBXBuildFile; fileRef = 964867FB1DA4BD4300674026 /* ProductViewController.swift */; };
		964867FE1DA4CC9600674026 /* ContactViewController.swift in Sources */ = {isa = PBXBuildFile; fileRef = 964867FD1DA4CC9600674026 /* ContactViewController.swift */; };
		964868001DA4D8B900674026 /* ProductsTableViewController.swift in Sources */ = {isa = PBXBuildFile; fileRef = 964867FF1DA4D8B900674026 /* ProductsTableViewController.swift */; };
		964868021DA60A3E00674026 /* Product.swift in Sources */ = {isa = PBXBuildFile; fileRef = 964868011DA60A3E00674026 /* Product.swift */; };
		96E54A311DAB2192006F6792 /* CartViewController.swift in Sources */ = {isa = PBXBuildFile; fileRef = 96E54A301DAB2192006F6792 /* CartViewController.swift */; };
		96E54A331DAB24CE006F6792 /* orders.swift in Sources */ = {isa = PBXBuildFile; fileRef = 96E54A321DAB24CE006F6792 /* orders.swift */; };
		96E54A351DAB24DE006F6792 /* order.swift in Sources */ = {isa = PBXBuildFile; fileRef = 96E54A341DAB24DE006F6792 /* order.swift */; };
/* End PBXBuildFile section */

/* Begin PBXFileReference section */
		964867E61DA4AE5A00674026 /* ImageStream.app */ = {isa = PBXFileReference; explicitFileType = wrapper.application; includeInIndex = 0; path = ImageStream.app; sourceTree = BUILT_PRODUCTS_DIR; };
		964867E91DA4AE5A00674026 /* AppDelegate.swift */ = {isa = PBXFileReference; lastKnownFileType = sourcecode.swift; path = AppDelegate.swift; sourceTree = "<group>"; };
		964867EE1DA4AE5A00674026 /* Base */ = {isa = PBXFileReference; lastKnownFileType = file.storyboard; name = Base; path = Base.lproj/Main.storyboard; sourceTree = "<group>"; };
		964867F01DA4AE5A00674026 /* Assets.xcassets */ = {isa = PBXFileReference; lastKnownFileType = folder.assetcatalog; path = Assets.xcassets; sourceTree = "<group>"; };
		964867F31DA4AE5A00674026 /* Base */ = {isa = PBXFileReference; lastKnownFileType = file.storyboard; name = Base; path = Base.lproj/LaunchScreen.storyboard; sourceTree = "<group>"; };
		964867F51DA4AE5A00674026 /* Info.plist */ = {isa = PBXFileReference; lastKnownFileType = text.plist.xml; path = Info.plist; sourceTree = "<group>"; };
		964867FB1DA4BD4300674026 /* ProductViewController.swift */ = {isa = PBXFileReference; fileEncoding = 4; lastKnownFileType = sourcecode.swift; path = ProductViewController.swift; sourceTree = "<group>"; };
		964867FD1DA4CC9600674026 /* ContactViewController.swift */ = {isa = PBXFileReference; fileEncoding = 4; lastKnownFileType = sourcecode.swift; path = ContactViewController.swift; sourceTree = "<group>"; };
		964867FF1DA4D8B900674026 /* ProductsTableViewController.swift */ = {isa = PBXFileReference; fileEncoding = 4; lastKnownFileType = sourcecode.swift; path = ProductsTableViewController.swift; sourceTree = "<group>"; };
		964868011DA60A3E00674026 /* Product.swift */ = {isa = PBXFileReference; fileEncoding = 4; lastKnownFileType = sourcecode.swift; path = Product.swift; sourceTree = "<group>"; };
		96E54A301DAB2192006F6792 /* CartViewController.swift */ = {isa = PBXFileReference; fileEncoding = 4; lastKnownFileType = sourcecode.swift; path = CartViewController.swift; sourceTree = "<group>"; };
		96E54A321DAB24CE006F6792 /* orders.swift */ = {isa = PBXFileReference; fileEncoding = 4; lastKnownFileType = sourcecode.swift; path = orders.swift; sourceTree = "<group>"; };
		96E54A341DAB24DE006F6792 /* order.swift */ = {isa = PBXFileReference; fileEncoding = 4; lastKnownFileType = sourcecode.swift; path = order.swift; sourceTree = "<group>"; };
/* End PBXFileReference section */

/* Begin PBXFrameworksBuildPhase section */
		964867E31DA4AE5A00674026 /* Frameworks */ = {
			isa = PBXFrameworksBuildPhase;
			buildActionMask = 2147483647;
			files = (
			);
			runOnlyForDeploymentPostprocessing = 0;
		};
/* End PBXFrameworksBuildPhase section */

/* Begin PBXGroup section */
		964867DD1DA4AE5A00674026 = {
			isa = PBXGroup;
			children = (
				964867E81DA4AE5A00674026 /* ImageStream */,
				964867E71DA4AE5A00674026 /* Products */,
			);
			sourceTree = "<group>";
		};
		964867E71DA4AE5A00674026 /* Products */ = {
			isa = PBXGroup;
			children = (
				964867E61DA4AE5A00674026 /* ImageStream.app */,
			);
			name = Products;
			sourceTree = "<group>";
		};
		964867E81DA4AE5A00674026 /* ImageStream */ = {
			isa = PBXGroup;
			children = (
				964867E91DA4AE5A00674026 /* AppDelegate.swift */,
				964867ED1DA4AE5A00674026 /* Main.storyboard */,
				964867F01DA4AE5A00674026 /* Assets.xcassets */,
				964867F21DA4AE5A00674026 /* LaunchScreen.storyboard */,
				964867F51DA4AE5A00674026 /* Info.plist */,
				964867FB1DA4BD4300674026 /* ProductViewController.swift */,
				964867FD1DA4CC9600674026 /* ContactViewController.swift */,
				964867FF1DA4D8B900674026 /* ProductsTableViewController.swift */,
				964868011DA60A3E00674026 /* Product.swift */,
				96E54A301DAB2192006F6792 /* CartViewController.swift */,
				96E54A321DAB24CE006F6792 /* orders.swift */,
				96E54A341DAB24DE006F6792 /* order.swift */,
			);
			path = ImageStream;
			sourceTree = "<group>";
		};
/* End PBXGroup section */

/* Begin PBXNativeTarget section */
		964867E51DA4AE5A00674026 /* ImageStream */ = {
			isa = PBXNativeTarget;
			buildConfigurationList = 964867F81DA4AE5A00674026 /* Build configuration list for PBXNativeTarget "ImageStream" */;
			buildPhases = (
				964867E21DA4AE5A00674026 /* Sources */,
				964867E31DA4AE5A00674026 /* Frameworks */,
				964867E41DA4AE5A00674026 /* Resources */,
			);
			buildRules = (
			);
			dependencies = (
			);
			name = ImageStream;
			productName = ImageStream;
			productReference = 964867E61DA4AE5A00674026 /* ImageStream.app */;
			productType = "com.apple.product-type.application";
		};
/* End PBXNativeTarget section */

/* Begin PBXProject section */
		964867DE1DA4AE5A00674026 /* Project object */ = {
			isa = PBXProject;
			attributes = {
				LastSwiftUpdateCheck = 0800;
				LastUpgradeCheck = 0800;
				ORGANIZATIONNAME = "tejas Pashte";
				TargetAttributes = {
					964867E51DA4AE5A00674026 = {
						CreatedOnToolsVersion = 8.0;
						ProvisioningStyle = Automatic;
					};
				};
			};
			buildConfigurationList = 964867E11DA4AE5A00674026 /* Build configuration list for PBXProject "ImageStream" */;
			compatibilityVersion = "Xcode 3.2";
			developmentRegion = English;
			hasScannedForEncodings = 0;
			knownRegions = (
				en,
				Base,
			);
			mainGroup = 964867DD1DA4AE5A00674026;
			productRefGroup = 964867E71DA4AE5A00674026 /* Products */;
			projectDirPath = "";
			projectRoot = "";
			targets = (
				964867E51DA4AE5A00674026 /* ImageStream */,
			);
		};
/* End PBXProject section */

/* Begin PBXResourcesBuildPhase section */
		964867E41DA4AE5A00674026 /* Resources */ = {
			isa = PBXResourcesBuildPhase;
			buildActionMask = 2147483647;
			files = (
				964867F41DA4AE5A00674026 /* LaunchScreen.storyboard in Resources */,
				964867F11DA4AE5A00674026 /* Assets.xcassets in Resources */,
				964867EF1DA4AE5A00674026 /* Main.storyboard in Resources */,
			);
			runOnlyForDeploymentPostprocessing = 0;
		};
/* End PBXResourcesBuildPhase section */

/* Begin PBXSourcesBuildPhase section */
		964867E21DA4AE5A00674026 /* Sources */ = {
			isa = PBXSourcesBuildPhase;
			buildActionMask = 2147483647;
			files = (
				964867FC1DA4BD4300674026 /* ProductViewController.swift in Sources */,
				964868001DA4D8B900674026 /* ProductsTableViewController.swift in Sources */,
				96E54A351DAB24DE006F6792 /* order.swift in Sources */,
				96E54A331DAB24CE006F6792 /* orders.swift in Sources */,
				964868021DA60A3E00674026 /* Product.swift in Sources */,
				964867EA1DA4AE5A00674026 /* AppDelegate.swift in Sources */,
				96E54A311DAB2192006F6792 /* CartViewController.swift in Sources */,
				964867FE1DA4CC9600674026 /* ContactViewController.swift in Sources */,
			);
			runOnlyForDeploymentPostprocessing = 0;
		};
/* End PBXSourcesBuildPhase section */

/* Begin PBXVariantGroup section */
		964867ED1DA4AE5A00674026 /* Main.storyboard */ = {
			isa = PBXVariantGroup;
			children = (
				964867EE1DA4AE5A00674026 /* Base */,
			);
			name = Main.storyboard;
			sourceTree = "<group>";
		};
		964867F21DA4AE5A00674026 /* LaunchScreen.storyboard */ = {
			isa = PBXVariantGroup;
			children = (
				964867F31DA4AE5A00674026 /* Base */,
			);
			name = LaunchScreen.storyboard;
			sourceTree = "<group>";
		};
/* End PBXVariantGroup section */

/* Begin XCBuildConfiguration section */
		964867F61DA4AE5A00674026 /* Debug */ = {
			isa = XCBuildConfiguration;
			buildSettings = {
				ALWAYS_SEARCH_USER_PATHS = NO;
				CLANG_ANALYZER_NONNULL = YES;
				CLANG_CXX_LANGUAGE_STANDARD = "gnu++0x";
				CLANG_CXX_LIBRARY = "libc++";
				CLANG_ENABLE_MODULES = YES;
				CLANG_ENABLE_OBJC_ARC = YES;
				CLANG_WARN_BOOL_CONVERSION = YES;
				CLANG_WARN_CONSTANT_CONVERSION = YES;
				CLANG_WARN_DIRECT_OBJC_ISA_USAGE = YES_ERROR;
				CLANG_WARN_DOCUMENTATION_COMMENTS = YES;
				CLANG_WARN_EMPTY_BODY = YES;
				CLANG_WARN_ENUM_CONVERSION = YES;
				CLANG_WARN_INFINITE_RECURSION = YES;
				CLANG_WARN_INT_CONVERSION = YES;
				CLANG_WARN_OBJC_ROOT_CLASS = YES_ERROR;
				CLANG_WARN_SUSPICIOUS_MOVES = YES;
				CLANG_WARN_UNREACHABLE_CODE = YES;
				CLANG_WARN__DUPLICATE_METHOD_MATCH = YES;
				"CODE_SIGN_IDENTITY[sdk=iphoneos*]" = "iPhone Developer";
				COPY_PHASE_STRIP = NO;
				DEBUG_INFORMATION_FORMAT = dwarf;
				ENABLE_STRICT_OBJC_MSGSEND = YES;
				ENABLE_TESTABILITY = YES;
				GCC_C_LANGUAGE_STANDARD = gnu99;
				GCC_DYNAMIC_NO_PIC = NO;
				GCC_NO_COMMON_BLOCKS = YES;
				GCC_OPTIMIZATION_LEVEL = 0;
				GCC_PREPROCESSOR_DEFINITIONS = (
					"DEBUG=1",
					"$(inherited)",
				);
				GCC_WARN_64_TO_32_BIT_CONVERSION = YES;
				GCC_WARN_ABOUT_RETURN_TYPE = YES_ERROR;
				GCC_WARN_UNDECLARED_SELECTOR = YES;
				GCC_WARN_UNINITIALIZED_AUTOS = YES_AGGRESSIVE;
				GCC_WARN_UNUSED_FUNCTION = YES;
				GCC_WARN_UNUSED_VARIABLE = YES;
				IPHONEOS_DEPLOYMENT_TARGET = 10.0;
				MTL_ENABLE_DEBUG_INFO = YES;
				ONLY_ACTIVE_ARCH = YES;
				SDKROOT = iphoneos;
				SWIFT_ACTIVE_COMPILATION_CONDITIONS = DEBUG;
				SWIFT_OPTIMIZATION_LEVEL = "-Onone";
			};
			name = Debug;
		};
		964867F71DA4AE5A00674026 /* Release */ = {
			isa = XCBuildConfiguration;
			buildSettings = {
				ALWAYS_SEARCH_USER_PATHS = NO;
				CLANG_ANALYZER_NONNULL = YES;
				CLANG_CXX_LANGUAGE_STANDARD = "gnu++0x";
				CLANG_CXX_LIBRARY = "libc++";
				CLANG_ENABLE_MODULES = YES;
				CLANG_ENABLE_OBJC_ARC = YES;
				CLANG_WARN_BOOL_CONVERSION = YES;
				CLANG_WARN_CONSTANT_CONVERSION = YES;
				CLANG_WARN_DIRECT_OBJC_ISA_USAGE = YES_ERROR;
				CLANG_WARN_DOCUMENTATION_COMMENTS = YES;
				CLANG_WARN_EMPTY_BODY = YES;
				CLANG_WARN_ENUM_CONVERSION = YES;
				CLANG_WARN_INFINITE_RECURSION = YES;
				CLANG_WARN_INT_CONVERSION = YES;
				CLANG_WARN_OBJC_ROOT_CLASS = YES_ERROR;
				CLANG_WARN_SUSPICIOUS_MOVES = YES;
				CLANG_WARN_UNREACHABLE_CODE = YES;
				CLANG_WARN__DUPLICATE_METHOD_MATCH = YES;
				"CODE_SIGN_IDENTITY[sdk=iphoneos*]" = "iPhone Developer";
				COPY_PHASE_STRIP = NO;
				DEBUG_INFORMATION_FORMAT = "dwarf-with-dsym";
				ENABLE_NS_ASSERTIONS = NO;
				ENABLE_STRICT_OBJC_MSGSEND = YES;
				GCC_C_LANGUAGE_STANDARD = gnu99;
				GCC_NO_COMMON_BLOCKS = YES;
				GCC_WARN_64_TO_32_BIT_CONVERSION = YES;
				GCC_WARN_ABOUT_RETURN_TYPE = YES_ERROR;
				GCC_WARN_UNDECLARED_SELECTOR = YES;
				GCC_WARN_UNINITIALIZED_AUTOS = YES_AGGRESSIVE;
				GCC_WARN_UNUSED_FUNCTION = YES;
				GCC_WARN_UNUSED_VARIABLE = YES;
				IPHONEOS_DEPLOYMENT_TARGET = 10.0;
				MTL_ENABLE_DEBUG_INFO = NO;
				SDKROOT = iphoneos;
				SWIFT_OPTIMIZATION_LEVEL = "-Owholemodule";
				VALIDATE_PRODUCT = YES;
			};
			name = Release;
		};
		964867F91DA4AE5A00674026 /* Debug */ = {
			isa = XCBuildConfiguration;
			buildSettings = {
				ASSETCATALOG_COMPILER_APPICON_NAME = AppIcon;
				INFOPLIST_FILE = ImageStream/Info.plist;
				LD_RUNPATH_SEARCH_PATHS = "$(inherited) @executable_path/Frameworks";
				PRODUCT_BUNDLE_IDENTIFIER = parabola.ImageStream;
				PRODUCT_NAME = "$(TARGET_NAME)";
				SWIFT_VERSION = 3.0;
			};
			name = Debug;
		};
		964867FA1DA4AE5A00674026 /* Release */ = {
			isa = XCBuildConfiguration;
			buildSettings = {
				ASSETCATALOG_COMPILER_APPICON_NAME = AppIcon;
				INFOPLIST_FILE = ImageStream/Info.plist;
				LD_RUNPATH_SEARCH_PATHS = "$(inherited) @executable_path/Frameworks";
				PRODUCT_BUNDLE_IDENTIFIER = parabola.ImageStream;
				PRODUCT_NAME = "$(TARGET_NAME)";
				SWIFT_VERSION = 3.0;
			};
			name = Release;
		};
/* End XCBuildConfiguration section */

/* Begin XCConfigurationList section */
		964867E11DA4AE5A00674026 /* Build configuration list for PBXProject "ImageStream" */ = {
			isa = XCConfigurationList;
			buildConfigurations = (
				964867F61DA4AE5A00674026 /* Debug */,
				964867F71DA4AE5A00674026 /* Release */,
			);
			defaultConfigurationIsVisible = 0;
			defaultConfigurationName = Release;
		};
		964867F81DA4AE5A00674026 /* Build configuration list for PBXNativeTarget "ImageStream" */ = {
			isa = XCConfigurationList;
			buildConfigurations = (
				964867F91DA4AE5A00674026 /* Debug */,
				964867FA1DA4AE5A00674026 /* Release */,
			);
			defaultConfigurationIsVisible = 0;
			defaultConfigurationName = Release;
		};
/* End XCConfigurationList section */
	};
	rootObject = 964867DE1DA4AE5A00674026 /* Project object */;
}
